# This file is automatically @generated by Cargo.
# It is not intended for manual editing.
version = 3

[[package]]
name = "evalexpr"
version = "7.0.0"
source = "registry+https://github.com/rust-lang/crates.io-index"
checksum = "0eb8c3fede1e2612da9d84fc2a20769b269c8a3d6d29e0854c22f336db343701"

[[package]]
name = "termeval"
version = "0.1.0"
dependencies = [
 "evalexpr",
]
